{
    "name": "create-oli-hammock",
    "version": "0.0.1",
    "lockfileVersion": 1,
    "requires": true,
    "dependencies": {
        "prettier": {
            "version": "1.14.3",
            "resolved": "https://registry.npmjs.org/prettier/-/prettier-1.14.3.tgz",
            "integrity": "sha512-qZDVnCrnpsRJJq5nSsiHCE3BYMED2OtsI+cmzIzF1QIfqm5ALf8tEJcO27zV1gKNKRPdhjO0dNWnrzssDQ1tFg==",
            "dev": true
        },
        "typescript": {
            "version": "3.1.3",
            "resolved": "https://registry.npmjs.org/typescript/-/typescript-3.1.3.tgz",
            "integrity": "sha512-+81MUSyX+BaSo+u2RbozuQk/UWx6hfG0a5gHu4ANEM4sU96XbuIyAB+rWBW1u70c6a5QuZfuYICn3s2UjuHUpA==",
            "dev": true
        }
    }
}
